# THIS IS AN AUTOGENERATED FILE. DO NOT EDIT THIS FILE DIRECTLY.
# yarn lockfile v1


"@types/highlight.js@^9.7.0":
  version "9.12.4"
  resolved "https://registry.yarnpkg.com/@types/highlight.js/-/highlight.js-9.12.4.tgz#8c3496bd1b50cc04aeefd691140aa571d4dbfa34"
  integrity sha512-t2szdkwmg2JJyuCM20e8kR2X59WCE5Zkl4bzm1u1Oukjm79zpbiAv+QjnwLnuuV0WHEcX2NgUItu0pAMKuOPww==

"@types/linkify-it@*":
  version "3.0.0"
  resolved "https://registry.yarnpkg.com/@types/linkify-it/-/linkify-it-3.0.0.tgz#c0ca4c253664492dbf47a646f31cfd483a6bbc95"
  integrity sha512-x9OaQQTb1N2hPZ/LWJsqushexDvz7NgzuZxiRmZio44WPuolTZNHDBCrOxCzRVOMwamJRO2dWax5NbygOf1OTQ==

"@types/markdown-it@^12.0.1":
  version "12.0.1"
  resolved "https://registry.yarnpkg.com/@types/markdown-it/-/markdown-it-12.0.1.tgz#8391e19fea4796ff863edda55800c7e669beb358"
  integrity sha512-mHfT8j/XkPb1uLEfs0/C3se6nd+webC2kcqcy8tgcVr0GDEONv/xaQzAN+aQvkxQXk/jC0Q6mPS+0xhFwRF35g==
  dependencies:
    "@types/highlight.js" "^9.7.0"
    "@types/linkify-it" "*"
    "@types/mdurl" "*"

"@types/mdurl@*":
  version "1.0.2"
  resolved "https://registry.yarnpkg.com/@types/mdurl/-/mdurl-1.0.2.tgz#e2ce9d83a613bacf284c7be7d491945e39e1f8e9"
  integrity sha512-eC4U9MlIcu2q0KQmXszyn5Akca/0jrQmwDRgpAMJai7qBWq4amIQhZyNau4VYGtCeALvW1/NtjzJJ567aZxfKA==

"@types/roman-numerals@^0.3.0":
  version "0.3.0"
  resolved "https://registry.yarnpkg.com/@types/roman-numerals/-/roman-numerals-0.3.0.tgz#6e8ad8e7c0dc6e2d4f4d6aca9df6677f3b8e2282"
  integrity sha512-sfO4vwDEH5hpm9GHQMkcJaRUWgcrlgJn9YLQv+6l9JBQk+Xe4nx9zfbHgS+3x1sMwZUnFc0sgTY0eAHr9Foqhw==

argparse@^2.0.1:
  version "2.0.1"
  resolved "https://registry.yarnpkg.com/argparse/-/argparse-2.0.1.tgz#246f50f3ca78a3240f6c997e8a9bd1eac49e4b38"
  integrity sha512-8+9WqebbFzpX9OR+Wa6O29asIogeRMzcGtAINdpMHHyAg10f05aSFVBbcEqGf/PXw1EjAZ+q2/bEBg3DvurK3Q==

entities@~2.1.0:
  version "2.1.0"
  resolved "https://registry.yarnpkg.com/entities/-/entities-2.1.0.tgz#992d3129cf7df6870b96c57858c249a120f8b8b5"
  integrity sha512-hCx1oky9PFrJ611mf0ifBLBRW8lUUVRlFolb5gWRfIELabBlbp9xZvrqZLZAs+NxFnbfQoeGd8wDkygjg7U85w==

linkify-it@^3.0.1:
  version "3.0.2"
  resolved "https://registry.yarnpkg.com/linkify-it/-/linkify-it-3.0.2.tgz#f55eeb8bc1d3ae754049e124ab3bb56d97797fb8"
  integrity sha512-gDBO4aHNZS6coiZCKVhSNh43F9ioIL4JwRjLZPkoLIY4yZFwg264Y5lu2x6rb1Js42Gh6Yqm2f6L2AJcnkzinQ==
  dependencies:
    uc.micro "^1.0.1"

markdown-it@^12.0.3:
  version "12.0.4"
  resolved "https://registry.yarnpkg.com/markdown-it/-/markdown-it-12.0.4.tgz#eec8247d296327eac3ba9746bdeec9cfcc751e33"
  integrity sha512-34RwOXZT8kyuOJy25oJNJoulO8L0bTHYWXcdZBYZqFnjIy3NgjeoM3FmPXIOFQ26/lSHYMr8oc62B6adxXcb3Q==
  dependencies:
    argparse "^2.0.1"
    entities "~2.1.0"
    linkify-it "^3.0.1"
    mdurl "^1.0.1"
    uc.micro "^1.0.5"

mdurl@^1.0.1:
  version "1.0.1"
  resolved "https://registry.yarnpkg.com/mdurl/-/mdurl-1.0.1.tgz#fe85b2ec75a59037f2adfec100fd6c601761152e"
  integrity sha1-/oWy7HWlkDfyrf7BAP1sYBdhFS4=

roman-numerals@^0.3.2:
  version "0.3.2"
  resolved "https://registry.yarnpkg.com/roman-numerals/-/roman-numerals-0.3.2.tgz#907ddf90c64e1b5dce8ed5e8fb0718318f2f26e6"
  integrity sha1-kH3fkMZOG13OjtXo+wcYMY8vJuY=

typescript@^4.1.3:
  version "4.1.3"
  resolved "https://registry.yarnpkg.com/typescript/-/typescript-4.1.3.tgz#519d582bd94cba0cf8934c7d8e8467e473f53bb7"
  integrity sha512-B3ZIOf1IKeH2ixgHhj6la6xdwR9QrLC5d1VKeCSY4tvkqhF2eqd9O7txNlS0PO3GrBAFIdr3L1ndNwteUbZLYg==

uc.micro@^1.0.1, uc.micro@^1.0.5:
  version "1.0.6"
  resolved "https://registry.yarnpkg.com/uc.micro/-/uc.micro-1.0.6.tgz#9c411a802a409a91fc6cf74081baba34b24499ac"
  integrity sha512-8Y75pvTYkLJW2hWQHXxoqRgV7qb9B+9vFEtidML+7koHUFapnVJAZ6cKs+Qjz5Aw3aZWHMC6u0wJE3At+nSGwA==
